
Microsoft Visual Studio Solution File, Format Version 12.00
# Visual Studio Version 17
VisualStudioVersion = 17.1.32319.34
MinimumVisualStudioVersion = 10.0.40219.1
Project("{FAE04EC0-301F-11D3-BF4B-00C04F79EFBC}") = "TempData", "TempData.csproj", "{7E3DB035-23C7-4567-8333-C2AAC223B017}"
EndProject
Global
	GlobalSection(SolutionConfigurationPlatforms) = preSolution
		Debug|Any CPU = Debug|Any CPU
		Release|Any CPU = Release|Any CPU
	EndGlobalSection
	GlobalSection(ProjectConfigurationPlatforms) = postSolution
		{7E3DB035-23C7-4567-8333-C2AAC223B017}.Debug|Any CPU.ActiveCfg = Debug|Any CPU
		{7E3DB035-23C7-4567-8333-C2AAC223B017}.Debug|Any CPU.Build.0 = Debug|Any CPU
		{7E3DB035-23C7-4567-8333-C2AAC223B017}.Release|Any CPU.ActiveCfg = Release|Any CPU
		{7E3DB035-23C7-4567-8333-C2AAC223B017}.Release|Any CPU.Build.0 = Release|Any CPU
	EndGlobalSection
	GlobalSection(SolutionProperties) = preSolution
		HideSolutionNode = FALSE
	EndGlobalSection
	GlobalSection(ExtensibilityGlobals) = postSolution
		SolutionGuid = {A92F3402-1C62-4765-AD12-D42558A1E19B}
	EndGlobalSection
EndGlobal
