
Microsoft Visual Studio Solution File, Format Version 12.00
# Visual Studio Version 17
VisualStudioVersion = 17.1.32319.34
MinimumVisualStudioVersion = 10.0.40219.1
Project("{FAE04EC0-301F-11D3-BF4B-00C04F79EFBC}") = "UsingFormCollection", "UsingFormCollection.csproj", "{71AE91C9-3062-4325-A05A-D6A3FF9DF849}"
EndProject
Global
	GlobalSection(SolutionConfigurationPlatforms) = preSolution
		Debug|Any CPU = Debug|Any CPU
		Release|Any CPU = Release|Any CPU
	EndGlobalSection
	GlobalSection(ProjectConfigurationPlatforms) = postSolution
		{71AE91C9-3062-4325-A05A-D6A3FF9DF849}.Debug|Any CPU.ActiveCfg = Debug|Any CPU
		{71AE91C9-3062-4325-A05A-D6A3FF9DF849}.Debug|Any CPU.Build.0 = Debug|Any CPU
		{71AE91C9-3062-4325-A05A-D6A3FF9DF849}.Release|Any CPU.ActiveCfg = Release|Any CPU
		{71AE91C9-3062-4325-A05A-D6A3FF9DF849}.Release|Any CPU.Build.0 = Release|Any CPU
	EndGlobalSection
	GlobalSection(SolutionProperties) = preSolution
		HideSolutionNode = FALSE
	EndGlobalSection
	GlobalSection(ExtensibilityGlobals) = postSolution
		SolutionGuid = {0F5B52B2-50BD-4D19-8813-B4B012A89CD0}
	EndGlobalSection
EndGlobal
